{
    "_readme": [
        "This file locks the dependencies of your project to a known state",
        "Read more about it at https://getcomposer.org/doc/01-basic-usage.md#installing-dependencies",
        "This file is @generated automatically"
    ],
    "content-hash": "6ca95f021426ebc1970ce12e001a1235",
    "packages": [],
    "packages-dev": [
        {
            "name": "dg/bypass-finals",
            "version": "v1.9.0",
            "source": {
                "type": "git",
                "url": "https://github.com/dg/bypass-finals.git",
                "reference": "920a7da2f3c1422fd83f9ec4df007af53dc4018b"
            },
            "dist": {
                "type": "zip",
                "url": "https://api.github.com/repos/dg/bypass-finals/zipball/920a7da2f3c1422fd83f9ec4df007af53dc4018b",
                "reference": "920a7da2f3c1422fd83f9ec4df007af53dc4018b",
                "shasum": ""
            },
            "require": {
                "php": ">=7.1"
            },
            "require-dev": {
                "nette/tester": "^2.3",
                "phpstan/phpstan": "^0.12"
            },
            "type": "library",
            "autoload": {
                "classmap": [
                    "src/"
                ]
            },
            "notification-url": "https://packagist.org/downloads/",
            "license": [
                "BSD-3-Clause",
                "GPL-2.0-only",
                "GPL-3.0-only"
            ],
            "authors": [
                {
                    "name": "David Grudl",
                    "homepage": "https://davidgrudl.com"
                }
            ],
            "description": "Removes final keyword from source code on-the-fly and allows mocking of final methods and classes",
            "keywords": [
                "finals",
                "mocking",
                "phpunit",
                "testing",
                "unit"
            ],
            "support": {
                "issues": "https://github.com/dg/bypass-finals/issues",
                "source": "https://github.com/dg/bypass-finals/tree/v1.9.0"
            },
            "time": "2025-01-16T00:46:05+00:00"
        }
    ],
    "aliases": [],
    "minimum-stability": "dev",
    "stability-flags": [],
    "prefer-stable": true,
    "prefer-lowest": false,
    "platform": {
        "php": "^8.2"
    },
    "platform-dev": [],
    "plugin-api-version": "2.6.0"
}
